
Microsoft Visual Studio Solution File, Format Version 12.00
# Visual Studio Version 17
VisualStudioVersion = 17.3.32825.248
MinimumVisualStudioVersion = 10.0.40219.1
Project("{9A19103F-16F7-4668-BE54-9A1E7A4F7556}") = "OnlinePharmacy", "OnlinePharmacy\OnlinePharmacy.csproj", "{270226EB-C3FA-45AC-B85E-F1CD60B2100C}"
EndProject
Global
	GlobalSection(SolutionConfigurationPlatforms) = preSolution
		Debug|Any CPU = Debug|Any CPU
		Release|Any CPU = Release|Any CPU
	EndGlobalSection
	GlobalSection(ProjectConfigurationPlatforms) = postSolution
		{270226EB-C3FA-45AC-B85E-F1CD60B2100C}.Debug|Any CPU.ActiveCfg = Debug|Any CPU
		{270226EB-C3FA-45AC-B85E-F1CD60B2100C}.Debug|Any CPU.Build.0 = Debug|Any CPU
		{270226EB-C3FA-45AC-B85E-F1CD60B2100C}.Release|Any CPU.ActiveCfg = Release|Any CPU
		{270226EB-C3FA-45AC-B85E-F1CD60B2100C}.Release|Any CPU.Build.0 = Release|Any CPU
	EndGlobalSection
	GlobalSection(SolutionProperties) = preSolution
		HideSolutionNode = FALSE
	EndGlobalSection
	GlobalSection(ExtensibilityGlobals) = postSolution
		SolutionGuid = {E467E3E1-9914-42A3-9376-A7BB13425D44}
	EndGlobalSection
EndGlobal
